packages:
  - name: dbt_utils
    package: dbt-labs/dbt_utils
    version: 1.3.1
  - name: codegen
    package: dbt-labs/codegen
    version: 0.13.1
  - name: dbt_expectations
    package: calogica/dbt_expectations
    version: 0.10.4
  - name: dbt_date
    package: calogica/dbt_date
    version: 0.10.1
sha1_hash: 8b3fcea600cba3986cb0e8a331b80ffba1be9a48
